
Microsoft Visual Studio Solution File, Format Version 12.00
# Visual Studio 15
VisualStudioVersion = 15.0.28307.852
MinimumVisualStudioVersion = 10.0.40219.1
Project("{FAE04EC0-301F-11D3-BF4B-00C04F79EFBC}") = "DirectionReduction", "DirectionReduction\DirectionReduction.csproj", "{4A661D86-42AE-49C2-8C87-125D532C83AB}"
EndProject
Global
	GlobalSection(SolutionConfigurationPlatforms) = preSolution
		Debug|Any CPU = Debug|Any CPU
		Release|Any CPU = Release|Any CPU
	EndGlobalSection
	GlobalSection(ProjectConfigurationPlatforms) = postSolution
		{4A661D86-42AE-49C2-8C87-125D532C83AB}.Debug|Any CPU.ActiveCfg = Debug|Any CPU
		{4A661D86-42AE-49C2-8C87-125D532C83AB}.Debug|Any CPU.Build.0 = Debug|Any CPU
		{4A661D86-42AE-49C2-8C87-125D532C83AB}.Release|Any CPU.ActiveCfg = Release|Any CPU
		{4A661D86-42AE-49C2-8C87-125D532C83AB}.Release|Any CPU.Build.0 = Release|Any CPU
	EndGlobalSection
	GlobalSection(SolutionProperties) = preSolution
		HideSolutionNode = FALSE
	EndGlobalSection
	GlobalSection(ExtensibilityGlobals) = postSolution
		SolutionGuid = {CECC1C3B-9879-4F86-882C-C68BA61C949D}
	EndGlobalSection
EndGlobal
