
Microsoft Visual Studio Solution File, Format Version 12.00
# Visual Studio Version 16
VisualStudioVersion = 16.0.31205.134
MinimumVisualStudioVersion = 10.0.40219.1
Project("{FAE04EC0-301F-11D3-BF4B-00C04F79EFBC}") = "ContainerWithMostWater", "ContainerWithMostWater\ContainerWithMostWater.csproj", "{CDCEC089-6FE7-41BF-BACB-AE972FC2C83E}"
EndProject
Global
	GlobalSection(SolutionConfigurationPlatforms) = preSolution
		Debug|Any CPU = Debug|Any CPU
		Release|Any CPU = Release|Any CPU
	EndGlobalSection
	GlobalSection(ProjectConfigurationPlatforms) = postSolution
		{CDCEC089-6FE7-41BF-BACB-AE972FC2C83E}.Debug|Any CPU.ActiveCfg = Debug|Any CPU
		{CDCEC089-6FE7-41BF-BACB-AE972FC2C83E}.Debug|Any CPU.Build.0 = Debug|Any CPU
		{CDCEC089-6FE7-41BF-BACB-AE972FC2C83E}.Release|Any CPU.ActiveCfg = Release|Any CPU
		{CDCEC089-6FE7-41BF-BACB-AE972FC2C83E}.Release|Any CPU.Build.0 = Release|Any CPU
	EndGlobalSection
	GlobalSection(SolutionProperties) = preSolution
		HideSolutionNode = FALSE
	EndGlobalSection
	GlobalSection(ExtensibilityGlobals) = postSolution
		SolutionGuid = {92C55A75-A331-4B06-AC55-8E39E449CB21}
	EndGlobalSection
EndGlobal
